
Microsoft Visual Studio Solution File, Format Version 12.00
# Visual Studio Version 16
VisualStudioVersion = 16.0.30804.86
MinimumVisualStudioVersion = 10.0.40219.1
Project("{9A19103F-16F7-4668-BE54-9A1E7A4F7556}") = "Net50MoviesApp", "Net50MoviesApp\Net50MoviesApp.csproj", "{A7D1D375-ADBD-4018-A6B8-6BFAFE767F6D}"
EndProject
Project("{FAE04EC0-301F-11D3-BF4B-00C04F79EFBC}") = "LINQDbToCode", "LINQDbToCode\LINQDbToCode.csproj", "{99E460E5-C92E-4F77-9A9A-83BFA8EB3841}"
EndProject
Global
	GlobalSection(SolutionConfigurationPlatforms) = preSolution
		Debug|Any CPU = Debug|Any CPU
		Release|Any CPU = Release|Any CPU
	EndGlobalSection
	GlobalSection(ProjectConfigurationPlatforms) = postSolution
		{A7D1D375-ADBD-4018-A6B8-6BFAFE767F6D}.Debug|Any CPU.ActiveCfg = Debug|Any CPU
		{A7D1D375-ADBD-4018-A6B8-6BFAFE767F6D}.Debug|Any CPU.Build.0 = Debug|Any CPU
		{A7D1D375-ADBD-4018-A6B8-6BFAFE767F6D}.Release|Any CPU.ActiveCfg = Release|Any CPU
		{A7D1D375-ADBD-4018-A6B8-6BFAFE767F6D}.Release|Any CPU.Build.0 = Release|Any CPU
		{99E460E5-C92E-4F77-9A9A-83BFA8EB3841}.Debug|Any CPU.ActiveCfg = Debug|Any CPU
		{99E460E5-C92E-4F77-9A9A-83BFA8EB3841}.Debug|Any CPU.Build.0 = Debug|Any CPU
		{99E460E5-C92E-4F77-9A9A-83BFA8EB3841}.Release|Any CPU.ActiveCfg = Release|Any CPU
		{99E460E5-C92E-4F77-9A9A-83BFA8EB3841}.Release|Any CPU.Build.0 = Release|Any CPU
	EndGlobalSection
	GlobalSection(SolutionProperties) = preSolution
		HideSolutionNode = FALSE
	EndGlobalSection
	GlobalSection(ExtensibilityGlobals) = postSolution
		SolutionGuid = {05633209-5A76-4A4D-B250-6A693B48CE75}
	EndGlobalSection
EndGlobal
